// !$*UTF8*$!
{
	archiveVersion = 1;
	classes = {
	};
	objectVersion = 46;
	objects = {

/* Begin PBXBuildFile section */
		4D9884DB1E794C7500E098A9 /* AppDelegate.swift in Sources */ = {isa = PBXBuildFile; fileRef = 4D9884DA1E794C7500E098A9 /* AppDelegate.swift */; };
		4D9884DD1E794C7500E098A9 /* ViewController.swift in Sources */ = {isa = PBXBuildFile; fileRef = 4D9884DC1E794C7500E098A9 /* ViewController.swift */; };
		4D9884E01E794C7500E098A9 /* Main.storyboard in Resources */ = {isa = PBXBuildFile; fileRef = 4D9884DE1E794C7500E098A9 /* Main.storyboard */; };
		4D9884E21E794C7500E098A9 /* Assets.xcassets in Resources */ = {isa = PBXBuildFile; fileRef = 4D9884E11E794C7500E098A9 /* Assets.xcassets */; };
		4D9884E51E794C7500E098A9 /* LaunchScreen.storyboard in Resources */ = {isa = PBXBuildFile; fileRef = 4D9884E31E794C7500E098A9 /* LaunchScreen.storyboard */; };
		4DE6F5BC1E7A5DDE007C7858 /* config.xml in Resources */ = {isa = PBXBuildFile; fileRef = 4DE6F5BB1E7A5DDE007C7858 /* config.xml */; };
		4DE6F5BE1E7A6099007C7858 /* Config.swift in Sources */ = {isa = PBXBuildFile; fileRef = 4DE6F5BD1E7A6099007C7858 /* Config.swift */; };
/* End PBXBuildFile section */

/* Begin PBXFileReference section */
		4D9884D71E794C7500E098A9 /* redo51Sudai.app */ = {isa = PBXFileReference; explicitFileType = wrapper.application; includeInIndex = 0; path = redo51Sudai.app; sourceTree = BUILT_PRODUCTS_DIR; };
		4D9884DA1E794C7500E098A9 /* AppDelegate.swift */ = {isa = PBXFileReference; lastKnownFileType = sourcecode.swift; path = AppDelegate.swift; sourceTree = "<group>"; };
		4D9884DC1E794C7500E098A9 /* ViewController.swift */ = {isa = PBXFileReference; lastKnownFileType = sourcecode.swift; path = ViewController.swift; sourceTree = "<group>"; };
		4D9884DF1E794C7500E098A9 /* Base */ = {isa = PBXFileReference; lastKnownFileType = file.storyboard; name = Base; path = Base.lproj/Main.storyboard; sourceTree = "<group>"; };
		4D9884E11E794C7500E098A9 /* Assets.xcassets */ = {isa = PBXFileReference; lastKnownFileType = folder.assetcatalog; path = Assets.xcassets; sourceTree = "<group>"; };
		4D9884E41E794C7500E098A9 /* Base */ = {isa = PBXFileReference; lastKnownFileType = file.storyboard; name = Base; path = Base.lproj/LaunchScreen.storyboard; sourceTree = "<group>"; };
		4D9884E61E794C7500E098A9 /* Info.plist */ = {isa = PBXFileReference; lastKnownFileType = text.plist.xml; path = Info.plist; sourceTree = "<group>"; };
		4DE6F5BB1E7A5DDE007C7858 /* config.xml */ = {isa = PBXFileReference; fileEncoding = 4; lastKnownFileType = text.xml; path = config.xml; sourceTree = "<group>"; };
		4DE6F5BD1E7A6099007C7858 /* Config.swift */ = {isa = PBXFileReference; fileEncoding = 4; lastKnownFileType = sourcecode.swift; path = Config.swift; sourceTree = "<group>"; };
/* End PBXFileReference section */

/* Begin PBXFrameworksBuildPhase section */
		4D9884D41E794C7500E098A9 /* Frameworks */ = {
			isa = PBXFrameworksBuildPhase;
			buildActionMask = 2147483647;
			files = (
			);
			runOnlyForDeploymentPostprocessing = 0;
		};
/* End PBXFrameworksBuildPhase section */

/* Begin PBXGroup section */
		4D9884CE1E794C7500E098A9 = {
			isa = PBXGroup;
			children = (
				4D9884D91E794C7500E098A9 /* redo51Sudai */,
				4D9884D81E794C7500E098A9 /* Products */,
			);
			sourceTree = "<group>";
		};
		4D9884D81E794C7500E098A9 /* Products */ = {
			isa = PBXGroup;
			children = (
				4D9884D71E794C7500E098A9 /* redo51Sudai.app */,
			);
			name = Products;
			sourceTree = "<group>";
		};
		4D9884D91E794C7500E098A9 /* redo51Sudai */ = {
			isa = PBXGroup;
			children = (
				4DE6F5BB1E7A5DDE007C7858 /* config.xml */,
				4D9884DA1E794C7500E098A9 /* AppDelegate.swift */,
				4D9884DC1E794C7500E098A9 /* ViewController.swift */,
				4DE6F5BD1E7A6099007C7858 /* Config.swift */,
				4D9884DE1E794C7500E098A9 /* Main.storyboard */,
				4D9884E11E794C7500E098A9 /* Assets.xcassets */,
				4D9884E31E794C7500E098A9 /* LaunchScreen.storyboard */,
				4D9884E61E794C7500E098A9 /* Info.plist */,
			);
			path = redo51Sudai;
			sourceTree = "<group>";
		};
/* End PBXGroup section */

/* Begin PBXNativeTarget section */
		4D9884D61E794C7500E098A9 /* redo51Sudai */ = {
			isa = PBXNativeTarget;
			buildConfigurationList = 4D9884E91E794C7500E098A9 /* Build configuration list for PBXNativeTarget "redo51Sudai" */;
			buildPhases = (
				4D9884D31E794C7500E098A9 /* Sources */,
				4D9884D41E794C7500E098A9 /* Frameworks */,
				4D9884D51E794C7500E098A9 /* Resources */,
			);
			buildRules = (
			);
			dependencies = (
			);
			name = redo51Sudai;
			productName = redo51Sudai;
			productReference = 4D9884D71E794C7500E098A9 /* redo51Sudai.app */;
			productType = "com.apple.product-type.application";
		};
/* End PBXNativeTarget section */

/* Begin PBXProject section */
		4D9884CF1E794C7500E098A9 /* Project object */ = {
			isa = PBXProject;
			attributes = {
				LastSwiftUpdateCheck = 0820;
				LastUpgradeCheck = 0820;
				ORGANIZATIONNAME = zhongliangliang;
				TargetAttributes = {
					4D9884D61E794C7500E098A9 = {
						CreatedOnToolsVersion = 8.2.1;
						DevelopmentTeam = 575RLG9KN6;
						ProvisioningStyle = Automatic;
					};
				};
			};
			buildConfigurationList = 4D9884D21E794C7500E098A9 /* Build configuration list for PBXProject "redo51Sudai" */;
			compatibilityVersion = "Xcode 3.2";
			developmentRegion = English;
			hasScannedForEncodings = 0;
			knownRegions = (
				en,
				Base,
			);
			mainGroup = 4D9884CE1E794C7500E098A9;
			productRefGroup = 4D9884D81E794C7500E098A9 /* Products */;
			projectDirPath = "";
			projectRoot = "";
			targets = (
				4D9884D61E794C7500E098A9 /* redo51Sudai */,
			);
		};
/* End PBXProject section */

/* Begin PBXResourcesBuildPhase section */
		4D9884D51E794C7500E098A9 /* Resources */ = {
			isa = PBXResourcesBuildPhase;
			buildActionMask = 2147483647;
			files = (
				4D9884E51E794C7500E098A9 /* LaunchScreen.storyboard in Resources */,
				4D9884E21E794C7500E098A9 /* Assets.xcassets in Resources */,
				4D9884E01E794C7500E098A9 /* Main.storyboard in Resources */,
				4DE6F5BC1E7A5DDE007C7858 /* config.xml in Resources */,
			);
			runOnlyForDeploymentPostprocessing = 0;
		};
/* End PBXResourcesBuildPhase section */

/* Begin PBXSourcesBuildPhase section */
		4D9884D31E794C7500E098A9 /* Sources */ = {
			isa = PBXSourcesBuildPhase;
			buildActionMask = 2147483647;
			files = (
				4D9884DD1E794C7500E098A9 /* ViewController.swift in Sources */,
				4D9884DB1E794C7500E098A9 /* AppDelegate.swift in Sources */,
				4DE6F5BE1E7A6099007C7858 /* Config.swift in Sources */,
			);
			runOnlyForDeploymentPostprocessing = 0;
		};
/* End PBXSourcesBuildPhase section */

/* Begin PBXVariantGroup section */
		4D9884DE1E794C7500E098A9 /* Main.storyboard */ = {
			isa = PBXVariantGroup;
			children = (
				4D9884DF1E794C7500E098A9 /* Base */,
			);
			name = Main.storyboard;
			sourceTree = "<group>";
		};
		4D9884E31E794C7500E098A9 /* LaunchScreen.storyboard */ = {
			isa = PBXVariantGroup;
			children = (
				4D9884E41E794C7500E098A9 /* Base */,
			);
			name = LaunchScreen.storyboard;
			sourceTree = "<group>";
		};
/* End PBXVariantGroup section */

/* Begin XCBuildConfiguration section */
		4D9884E71E794C7500E098A9 /* Debug */ = {
			isa = XCBuildConfiguration;
			buildSettings = {
				ALWAYS_SEARCH_USER_PATHS = NO;
				CLANG_ANALYZER_NONNULL = YES;
				CLANG_CXX_LANGUAGE_STANDARD = "gnu++0x";
				CLANG_CXX_LIBRARY = "libc++";
				CLANG_ENABLE_MODULES = YES;
				CLANG_ENABLE_OBJC_ARC = YES;
				CLANG_WARN_BOOL_CONVERSION = YES;
				CLANG_WARN_CONSTANT_CONVERSION = YES;
				CLANG_WARN_DIRECT_OBJC_ISA_USAGE = YES_ERROR;
				CLANG_WARN_DOCUMENTATION_COMMENTS = YES;
				CLANG_WARN_EMPTY_BODY = YES;
				CLANG_WARN_ENUM_CONVERSION = YES;
				CLANG_WARN_INFINITE_RECURSION = YES;
				CLANG_WARN_INT_CONVERSION = YES;
				CLANG_WARN_OBJC_ROOT_CLASS = YES_ERROR;
				CLANG_WARN_SUSPICIOUS_MOVE = YES;
				CLANG_WARN_UNREACHABLE_CODE = YES;
				CLANG_WARN__DUPLICATE_METHOD_MATCH = YES;
				"CODE_SIGN_IDENTITY[sdk=iphoneos*]" = "iPhone Developer";
				COPY_PHASE_STRIP = NO;
				DEBUG_INFORMATION_FORMAT = dwarf;
				ENABLE_STRICT_OBJC_MSGSEND = YES;
				ENABLE_TESTABILITY = YES;
				GCC_C_LANGUAGE_STANDARD = gnu99;
				GCC_DYNAMIC_NO_PIC = NO;
				GCC_NO_COMMON_BLOCKS = YES;
				GCC_OPTIMIZATION_LEVEL = 0;
				GCC_PREPROCESSOR_DEFINITIONS = (
					"DEBUG=1",
					"$(inherited)",
				);
				GCC_WARN_64_TO_32_BIT_CONVERSION = YES;
				GCC_WARN_ABOUT_RETURN_TYPE = YES_ERROR;
				GCC_WARN_UNDECLARED_SELECTOR = YES;
				GCC_WARN_UNINITIALIZED_AUTOS = YES_AGGRESSIVE;
				GCC_WARN_UNUSED_FUNCTION = YES;
				GCC_WARN_UNUSED_VARIABLE = YES;
				IPHONEOS_DEPLOYMENT_TARGET = 10.2;
				MTL_ENABLE_DEBUG_INFO = YES;
				ONLY_ACTIVE_ARCH = YES;
				SDKROOT = iphoneos;
				SWIFT_ACTIVE_COMPILATION_CONDITIONS = DEBUG;
				SWIFT_OPTIMIZATION_LEVEL = "-Onone";
				TARGETED_DEVICE_FAMILY = "1,2";
			};
			name = Debug;
		};
		4D9884E81E794C7500E098A9 /* Release */ = {
			isa = XCBuildConfiguration;
			buildSettings = {
				ALWAYS_SEARCH_USER_PATHS = NO;
				CLANG_ANALYZER_NONNULL = YES;
				CLANG_CXX_LANGUAGE_STANDARD = "gnu++0x";
				CLANG_CXX_LIBRARY = "libc++";
				CLANG_ENABLE_MODULES = YES;
				CLANG_ENABLE_OBJC_ARC = YES;
				CLANG_WARN_BOOL_CONVERSION = YES;
				CLANG_WARN_CONSTANT_CONVERSION = YES;
				CLANG_WARN_DIRECT_OBJC_ISA_USAGE = YES_ERROR;
				CLANG_WARN_DOCUMENTATION_COMMENTS = YES;
				CLANG_WARN_EMPTY_BODY = YES;
				CLANG_WARN_ENUM_CONVERSION = YES;
				CLANG_WARN_INFINITE_RECURSION = YES;
				CLANG_WARN_INT_CONVERSION = YES;
				CLANG_WARN_OBJC_ROOT_CLASS = YES_ERROR;
				CLANG_WARN_SUSPICIOUS_MOVE = YES;
				CLANG_WARN_UNREACHABLE_CODE = YES;
				CLANG_WARN__DUPLICATE_METHOD_MATCH = YES;
				"CODE_SIGN_IDENTITY[sdk=iphoneos*]" = "iPhone Developer";
				COPY_PHASE_STRIP = NO;
				DEBUG_INFORMATION_FORMAT = "dwarf-with-dsym";
				ENABLE_NS_ASSERTIONS = NO;
				ENABLE_STRICT_OBJC_MSGSEND = YES;
				GCC_C_LANGUAGE_STANDARD = gnu99;
				GCC_NO_COMMON_BLOCKS = YES;
				GCC_WARN_64_TO_32_BIT_CONVERSION = YES;
				GCC_WARN_ABOUT_RETURN_TYPE = YES_ERROR;
				GCC_WARN_UNDECLARED_SELECTOR = YES;
				GCC_WARN_UNINITIALIZED_AUTOS = YES_AGGRESSIVE;
				GCC_WARN_UNUSED_FUNCTION = YES;
				GCC_WARN_UNUSED_VARIABLE = YES;
				IPHONEOS_DEPLOYMENT_TARGET = 10.2;
				MTL_ENABLE_DEBUG_INFO = NO;
				SDKROOT = iphoneos;
				SWIFT_OPTIMIZATION_LEVEL = "-Owholemodule";
				TARGETED_DEVICE_FAMILY = "1,2";
				VALIDATE_PRODUCT = YES;
			};
			name = Release;
		};
		4D9884EA1E794C7500E098A9 /* Debug */ = {
			isa = XCBuildConfiguration;
			buildSettings = {
				ASSETCATALOG_COMPILER_APPICON_NAME = AppIcon;
				DEVELOPMENT_TEAM = 575RLG9KN6;
				INFOPLIST_FILE = redo51Sudai/Info.plist;
				LD_RUNPATH_SEARCH_PATHS = "$(inherited) @executable_path/Frameworks";
				PRODUCT_BUNDLE_IDENTIFIER = com.ZhongLiangliang.redo51Sudai;
				PRODUCT_NAME = "$(TARGET_NAME)";
				SWIFT_VERSION = 3.0;
			};
			name = Debug;
		};
		4D9884EB1E794C7500E098A9 /* Release */ = {
			isa = XCBuildConfiguration;
			buildSettings = {
				ASSETCATALOG_COMPILER_APPICON_NAME = AppIcon;
				DEVELOPMENT_TEAM = 575RLG9KN6;
				INFOPLIST_FILE = redo51Sudai/Info.plist;
				LD_RUNPATH_SEARCH_PATHS = "$(inherited) @executable_path/Frameworks";
				PRODUCT_BUNDLE_IDENTIFIER = com.ZhongLiangliang.redo51Sudai;
				PRODUCT_NAME = "$(TARGET_NAME)";
				SWIFT_VERSION = 3.0;
			};
			name = Release;
		};
/* End XCBuildConfiguration section */

/* Begin XCConfigurationList section */
		4D9884D21E794C7500E098A9 /* Build configuration list for PBXProject "redo51Sudai" */ = {
			isa = XCConfigurationList;
			buildConfigurations = (
				4D9884E71E794C7500E098A9 /* Debug */,
				4D9884E81E794C7500E098A9 /* Release */,
			);
			defaultConfigurationIsVisible = 0;
			defaultConfigurationName = Release;
		};
		4D9884E91E794C7500E098A9 /* Build configuration list for PBXNativeTarget "redo51Sudai" */ = {
			isa = XCConfigurationList;
			buildConfigurations = (
				4D9884EA1E794C7500E098A9 /* Debug */,
				4D9884EB1E794C7500E098A9 /* Release */,
			);
			defaultConfigurationIsVisible = 0;
			defaultConfigurationName = Release;
		};
/* End XCConfigurationList section */
	};
	rootObject = 4D9884CF1E794C7500E098A9 /* Project object */;
}
